
Microsoft Visual Studio Solution File, Format Version 12.00
# Visual Studio 15
VisualStudioVersion = 15.0.28307.438
MinimumVisualStudioVersion = 10.0.40219.1
Project("{FAE04EC0-301F-11D3-BF4B-00C04F79EFBC}") = "SortingEx", "SortingEx\SortingEx.csproj", "{7BBE1375-E750-4132-A06E-099AE1562564}"
EndProject
Project("{FAE04EC0-301F-11D3-BF4B-00C04F79EFBC}") = "SortingEx.Test", "SortingEx.Test\SortingEx.Test.csproj", "{0869AA40-BF06-47F8-B5C8-E0CC1CEF6CA3}"
EndProject
Global
	GlobalSection(SolutionConfigurationPlatforms) = preSolution
		Debug|Any CPU = Debug|Any CPU
		Release|Any CPU = Release|Any CPU
	EndGlobalSection
	GlobalSection(ProjectConfigurationPlatforms) = postSolution
		{7BBE1375-E750-4132-A06E-099AE1562564}.Debug|Any CPU.ActiveCfg = Debug|Any CPU
		{7BBE1375-E750-4132-A06E-099AE1562564}.Debug|Any CPU.Build.0 = Debug|Any CPU
		{7BBE1375-E750-4132-A06E-099AE1562564}.Release|Any CPU.ActiveCfg = Release|Any CPU
		{7BBE1375-E750-4132-A06E-099AE1562564}.Release|Any CPU.Build.0 = Release|Any CPU
		{0869AA40-BF06-47F8-B5C8-E0CC1CEF6CA3}.Debug|Any CPU.ActiveCfg = Debug|Any CPU
		{0869AA40-BF06-47F8-B5C8-E0CC1CEF6CA3}.Debug|Any CPU.Build.0 = Debug|Any CPU
		{0869AA40-BF06-47F8-B5C8-E0CC1CEF6CA3}.Release|Any CPU.ActiveCfg = Release|Any CPU
		{0869AA40-BF06-47F8-B5C8-E0CC1CEF6CA3}.Release|Any CPU.Build.0 = Release|Any CPU
	EndGlobalSection
	GlobalSection(SolutionProperties) = preSolution
		HideSolutionNode = FALSE
	EndGlobalSection
	GlobalSection(ExtensibilityGlobals) = postSolution
		SolutionGuid = {EF8E05EA-1405-4558-87CA-B9644E84FB4B}
	EndGlobalSection
EndGlobal
